// !$*UTF8*$!
{
	archiveVersion = 1;
	classes = {
	};
	objectVersion = 56;
	objects = {

/* Begin PBXBuildFile section */
		F42DFE5F2AF3CD8600A56F40 /* Realm in Frameworks */ = {isa = PBXBuildFile; productRef = F42DFE5E2AF3CD8600A56F40 /* Realm */; };
		F42DFE612AF3CD8600A56F40 /* RealmSwift in Frameworks */ = {isa = PBXBuildFile; productRef = F42DFE602AF3CD8600A56F40 /* RealmSwift */; };
		F4871CB82AF4EC5200991C29 /* UITableViewCellExt.swift in Sources */ = {isa = PBXBuildFile; fileRef = F4871CB72AF4EC5200991C29 /* UITableViewCellExt.swift */; };
		F48855D92AF3785A00B30911 /* AppDelegate.swift in Sources */ = {isa = PBXBuildFile; fileRef = F48855D82AF3785A00B30911 /* AppDelegate.swift */; };
		F48855DB2AF3785A00B30911 /* SceneDelegate.swift in Sources */ = {isa = PBXBuildFile; fileRef = F48855DA2AF3785A00B30911 /* SceneDelegate.swift */; };
		F48855E02AF3785B00B30911 /* Main.storyboard in Resources */ = {isa = PBXBuildFile; fileRef = F48855DE2AF3785B00B30911 /* Main.storyboard */; };
		F48855E22AF3785C00B30911 /* Assets.xcassets in Resources */ = {isa = PBXBuildFile; fileRef = F48855E12AF3785C00B30911 /* Assets.xcassets */; };
		F48855E52AF3785C00B30911 /* LaunchScreen.storyboard in Resources */ = {isa = PBXBuildFile; fileRef = F48855E32AF3785C00B30911 /* LaunchScreen.storyboard */; };
		F48855EE2AF37C1A00B30911 /* Realm in Frameworks */ = {isa = PBXBuildFile; productRef = F48855ED2AF37C1A00B30911 /* Realm */; };
		F48855F02AF37C1A00B30911 /* RealmSwift in Frameworks */ = {isa = PBXBuildFile; productRef = F48855EF2AF37C1A00B30911 /* RealmSwift */; };
		F48855F72AF3A12300B30911 /* TasksListModel.swift in Sources */ = {isa = PBXBuildFile; fileRef = F48855F62AF3A12300B30911 /* TasksListModel.swift */; };
		F48855F92AF3A13C00B30911 /* ListModel.swift in Sources */ = {isa = PBXBuildFile; fileRef = F48855F82AF3A13C00B30911 /* ListModel.swift */; };
		F48855FC2AF3A1BC00B30911 /* StorageManager.swift in Sources */ = {isa = PBXBuildFile; fileRef = F48855FB2AF3A1BC00B30911 /* StorageManager.swift */; };
		F48855FE2AF3A1E600B30911 /* TasksListTVC.swift in Sources */ = {isa = PBXBuildFile; fileRef = F48855FD2AF3A1E600B30911 /* TasksListTVC.swift */; };
		F48856002AF3A1F600B30911 /* TasksTVC.swift in Sources */ = {isa = PBXBuildFile; fileRef = F48855FF2AF3A1F600B30911 /* TasksTVC.swift */; };
/* End PBXBuildFile section */

/* Begin PBXFileReference section */
		F4871CB72AF4EC5200991C29 /* UITableViewCellExt.swift */ = {isa = PBXFileReference; lastKnownFileType = sourcecode.swift; path = UITableViewCellExt.swift; sourceTree = "<group>"; };
		F48855D52AF3785A00B30911 /* ToDoListWithRealmBD.app */ = {isa = PBXFileReference; explicitFileType = wrapper.application; includeInIndex = 0; path = ToDoListWithRealmBD.app; sourceTree = BUILT_PRODUCTS_DIR; };
		F48855D82AF3785A00B30911 /* AppDelegate.swift */ = {isa = PBXFileReference; lastKnownFileType = sourcecode.swift; path = AppDelegate.swift; sourceTree = "<group>"; };
		F48855DA2AF3785A00B30911 /* SceneDelegate.swift */ = {isa = PBXFileReference; lastKnownFileType = sourcecode.swift; path = SceneDelegate.swift; sourceTree = "<group>"; };
		F48855DF2AF3785B00B30911 /* Base */ = {isa = PBXFileReference; lastKnownFileType = file.storyboard; name = Base; path = Base.lproj/Main.storyboard; sourceTree = "<group>"; };
		F48855E12AF3785C00B30911 /* Assets.xcassets */ = {isa = PBXFileReference; lastKnownFileType = folder.assetcatalog; path = Assets.xcassets; sourceTree = "<group>"; };
		F48855E42AF3785C00B30911 /* Base */ = {isa = PBXFileReference; lastKnownFileType = file.storyboard; name = Base; path = Base.lproj/LaunchScreen.storyboard; sourceTree = "<group>"; };
		F48855E62AF3785C00B30911 /* Info.plist */ = {isa = PBXFileReference; lastKnownFileType = text.plist.xml; path = Info.plist; sourceTree = "<group>"; };
		F48855F62AF3A12300B30911 /* TasksListModel.swift */ = {isa = PBXFileReference; lastKnownFileType = sourcecode.swift; path = TasksListModel.swift; sourceTree = "<group>"; };
		F48855F82AF3A13C00B30911 /* ListModel.swift */ = {isa = PBXFileReference; lastKnownFileType = sourcecode.swift; path = ListModel.swift; sourceTree = "<group>"; };
		F48855FB2AF3A1BC00B30911 /* StorageManager.swift */ = {isa = PBXFileReference; lastKnownFileType = sourcecode.swift; path = StorageManager.swift; sourceTree = "<group>"; };
		F48855FD2AF3A1E600B30911 /* TasksListTVC.swift */ = {isa = PBXFileReference; lastKnownFileType = sourcecode.swift; path = TasksListTVC.swift; sourceTree = "<group>"; };
		F48855FF2AF3A1F600B30911 /* TasksTVC.swift */ = {isa = PBXFileReference; lastKnownFileType = sourcecode.swift; path = TasksTVC.swift; sourceTree = "<group>"; };
/* End PBXFileReference section */

/* Begin PBXFrameworksBuildPhase section */
		F48855D22AF3785A00B30911 /* Frameworks */ = {
			isa = PBXFrameworksBuildPhase;
			buildActionMask = 2147483647;
			files = (
				F42DFE612AF3CD8600A56F40 /* RealmSwift in Frameworks */,
				F42DFE5F2AF3CD8600A56F40 /* Realm in Frameworks */,
				F48855F02AF37C1A00B30911 /* RealmSwift in Frameworks */,
				F48855EE2AF37C1A00B30911 /* Realm in Frameworks */,
			);
			runOnlyForDeploymentPostprocessing = 0;
		};
/* End PBXFrameworksBuildPhase section */

/* Begin PBXGroup section */
		F4871CB62AF4EC2F00991C29 /* Extensions */ = {
			isa = PBXGroup;
			children = (
				F4871CB72AF4EC5200991C29 /* UITableViewCellExt.swift */,
			);
			path = Extensions;
			sourceTree = "<group>";
		};
		F48855CC2AF3785A00B30911 = {
			isa = PBXGroup;
			children = (
				F48855D72AF3785A00B30911 /* ToDoListWithRealmBD */,
				F48855D62AF3785A00B30911 /* Products */,
			);
			sourceTree = "<group>";
		};
		F48855D62AF3785A00B30911 /* Products */ = {
			isa = PBXGroup;
			children = (
				F48855D52AF3785A00B30911 /* ToDoListWithRealmBD.app */,
			);
			name = Products;
			sourceTree = "<group>";
		};
		F48855D72AF3785A00B30911 /* ToDoListWithRealmBD */ = {
			isa = PBXGroup;
			children = (
				F4871CB62AF4EC2F00991C29 /* Extensions */,
				F48855FA2AF3A1A400B30911 /* Managers */,
				F48855F52AF3A10600B30911 /* Models */,
				F48855F42AF3A0F000B30911 /* Views */,
				F48855F32AF3A0E400B30911 /* Controllers */,
				F48855F12AF3A0B900B30911 /* Resources */,
				F48855F22AF3A0CB00B30911 /* AppDelegates */,
				F48855E62AF3785C00B30911 /* Info.plist */,
			);
			path = ToDoListWithRealmBD;
			sourceTree = "<group>";
		};
		F48855F12AF3A0B900B30911 /* Resources */ = {
			isa = PBXGroup;
			children = (
				F48855E12AF3785C00B30911 /* Assets.xcassets */,
			);
			path = Resources;
			sourceTree = "<group>";
		};
		F48855F22AF3A0CB00B30911 /* AppDelegates */ = {
			isa = PBXGroup;
			children = (
				F48855D82AF3785A00B30911 /* AppDelegate.swift */,
				F48855DA2AF3785A00B30911 /* SceneDelegate.swift */,
			);
			path = AppDelegates;
			sourceTree = "<group>";
		};
		F48855F32AF3A0E400B30911 /* Controllers */ = {
			isa = PBXGroup;
			children = (
				F48855FD2AF3A1E600B30911 /* TasksListTVC.swift */,
				F48855FF2AF3A1F600B30911 /* TasksTVC.swift */,
			);
			path = Controllers;
			sourceTree = "<group>";
		};
		F48855F42AF3A0F000B30911 /* Views */ = {
			isa = PBXGroup;
			children = (
				F48855DE2AF3785B00B30911 /* Main.storyboard */,
				F48855E32AF3785C00B30911 /* LaunchScreen.storyboard */,
			);
			path = Views;
			sourceTree = "<group>";
		};
		F48855F52AF3A10600B30911 /* Models */ = {
			isa = PBXGroup;
			children = (
				F48855F62AF3A12300B30911 /* TasksListModel.swift */,
				F48855F82AF3A13C00B30911 /* ListModel.swift */,
			);
			path = Models;
			sourceTree = "<group>";
		};
		F48855FA2AF3A1A400B30911 /* Managers */ = {
			isa = PBXGroup;
			children = (
				F48855FB2AF3A1BC00B30911 /* StorageManager.swift */,
			);
			path = Managers;
			sourceTree = "<group>";
		};
/* End PBXGroup section */

/* Begin PBXNativeTarget section */
		F48855D42AF3785A00B30911 /* ToDoListWithRealmBD */ = {
			isa = PBXNativeTarget;
			buildConfigurationList = F48855E92AF3785C00B30911 /* Build configuration list for PBXNativeTarget "ToDoListWithRealmBD" */;
			buildPhases = (
				F48855D12AF3785A00B30911 /* Sources */,
				F48855D22AF3785A00B30911 /* Frameworks */,
				F48855D32AF3785A00B30911 /* Resources */,
			);
			buildRules = (
			);
			dependencies = (
			);
			name = ToDoListWithRealmBD;
			packageProductDependencies = (
				F48855ED2AF37C1A00B30911 /* Realm */,
				F48855EF2AF37C1A00B30911 /* RealmSwift */,
				F42DFE5E2AF3CD8600A56F40 /* Realm */,
				F42DFE602AF3CD8600A56F40 /* RealmSwift */,
			);
			productName = ToDoListWithRealmBD;
			productReference = F48855D52AF3785A00B30911 /* ToDoListWithRealmBD.app */;
			productType = "com.apple.product-type.application";
		};
/* End PBXNativeTarget section */

/* Begin PBXProject section */
		F48855CD2AF3785A00B30911 /* Project object */ = {
			isa = PBXProject;
			attributes = {
				BuildIndependentTargetsInParallel = 1;
				LastSwiftUpdateCheck = 1500;
				LastUpgradeCheck = 1500;
				TargetAttributes = {
					F48855D42AF3785A00B30911 = {
						CreatedOnToolsVersion = 15.0;
					};
				};
			};
			buildConfigurationList = F48855D02AF3785A00B30911 /* Build configuration list for PBXProject "ToDoListWithRealmBD" */;
			compatibilityVersion = "Xcode 14.0";
			developmentRegion = en;
			hasScannedForEncodings = 0;
			knownRegions = (
				en,
				Base,
			);
			mainGroup = F48855CC2AF3785A00B30911;
			packageReferences = (
				F48855EC2AF37C1A00B30911 /* XCRemoteSwiftPackageReference "realm-swift" */,
			);
			productRefGroup = F48855D62AF3785A00B30911 /* Products */;
			projectDirPath = "";
			projectRoot = "";
			targets = (
				F48855D42AF3785A00B30911 /* ToDoListWithRealmBD */,
			);
		};
/* End PBXProject section */

/* Begin PBXResourcesBuildPhase section */
		F48855D32AF3785A00B30911 /* Resources */ = {
			isa = PBXResourcesBuildPhase;
			buildActionMask = 2147483647;
			files = (
				F48855E52AF3785C00B30911 /* LaunchScreen.storyboard in Resources */,
				F48855E22AF3785C00B30911 /* Assets.xcassets in Resources */,
				F48855E02AF3785B00B30911 /* Main.storyboard in Resources */,
			);
			runOnlyForDeploymentPostprocessing = 0;
		};
/* End PBXResourcesBuildPhase section */

/* Begin PBXSourcesBuildPhase section */
		F48855D12AF3785A00B30911 /* Sources */ = {
			isa = PBXSourcesBuildPhase;
			buildActionMask = 2147483647;
			files = (
				F48855D92AF3785A00B30911 /* AppDelegate.swift in Sources */,
				F48855F72AF3A12300B30911 /* TasksListModel.swift in Sources */,
				F48855FC2AF3A1BC00B30911 /* StorageManager.swift in Sources */,
				F48856002AF3A1F600B30911 /* TasksTVC.swift in Sources */,
				F48855DB2AF3785A00B30911 /* SceneDelegate.swift in Sources */,
				F4871CB82AF4EC5200991C29 /* UITableViewCellExt.swift in Sources */,
				F48855F92AF3A13C00B30911 /* ListModel.swift in Sources */,
				F48855FE2AF3A1E600B30911 /* TasksListTVC.swift in Sources */,
			);
			runOnlyForDeploymentPostprocessing = 0;
		};
/* End PBXSourcesBuildPhase section */

/* Begin PBXVariantGroup section */
		F48855DE2AF3785B00B30911 /* Main.storyboard */ = {
			isa = PBXVariantGroup;
			children = (
				F48855DF2AF3785B00B30911 /* Base */,
			);
			name = Main.storyboard;
			sourceTree = "<group>";
		};
		F48855E32AF3785C00B30911 /* LaunchScreen.storyboard */ = {
			isa = PBXVariantGroup;
			children = (
				F48855E42AF3785C00B30911 /* Base */,
			);
			name = LaunchScreen.storyboard;
			sourceTree = "<group>";
		};
/* End PBXVariantGroup section */

/* Begin XCBuildConfiguration section */
		F48855E72AF3785C00B30911 /* Debug */ = {
			isa = XCBuildConfiguration;
			buildSettings = {
				ALWAYS_SEARCH_USER_PATHS = NO;
				ASSETCATALOG_COMPILER_GENERATE_SWIFT_ASSET_SYMBOL_EXTENSIONS = YES;
				CLANG_ANALYZER_NONNULL = YES;
				CLANG_ANALYZER_NUMBER_OBJECT_CONVERSION = YES_AGGRESSIVE;
				CLANG_CXX_LANGUAGE_STANDARD = "gnu++20";
				CLANG_ENABLE_MODULES = YES;
				CLANG_ENABLE_OBJC_ARC = YES;
				CLANG_ENABLE_OBJC_WEAK = YES;
				CLANG_WARN_BLOCK_CAPTURE_AUTORELEASING = YES;
				CLANG_WARN_BOOL_CONVERSION = YES;
				CLANG_WARN_COMMA = YES;
				CLANG_WARN_CONSTANT_CONVERSION = YES;
				CLANG_WARN_DEPRECATED_OBJC_IMPLEMENTATIONS = YES;
				CLANG_WARN_DIRECT_OBJC_ISA_USAGE = YES_ERROR;
				CLANG_WARN_DOCUMENTATION_COMMENTS = YES;
				CLANG_WARN_EMPTY_BODY = YES;
				CLANG_WARN_ENUM_CONVERSION = YES;
				CLANG_WARN_INFINITE_RECURSION = YES;
				CLANG_WARN_INT_CONVERSION = YES;
				CLANG_WARN_NON_LITERAL_NULL_CONVERSION = YES;
				CLANG_WARN_OBJC_IMPLICIT_RETAIN_SELF = YES;
				CLANG_WARN_OBJC_LITERAL_CONVERSION = YES;
				CLANG_WARN_OBJC_ROOT_CLASS = YES_ERROR;
				CLANG_WARN_QUOTED_INCLUDE_IN_FRAMEWORK_HEADER = YES;
				CLANG_WARN_RANGE_LOOP_ANALYSIS = YES;
				CLANG_WARN_STRICT_PROTOTYPES = YES;
				CLANG_WARN_SUSPICIOUS_MOVE = YES;
				CLANG_WARN_UNGUARDED_AVAILABILITY = YES_AGGRESSIVE;
				CLANG_WARN_UNREACHABLE_CODE = YES;
				CLANG_WARN__DUPLICATE_METHOD_MATCH = YES;
				COPY_PHASE_STRIP = NO;
				DEBUG_INFORMATION_FORMAT = dwarf;
				ENABLE_STRICT_OBJC_MSGSEND = YES;
				ENABLE_TESTABILITY = YES;
				ENABLE_USER_SCRIPT_SANDBOXING = YES;
				GCC_C_LANGUAGE_STANDARD = gnu17;
				GCC_DYNAMIC_NO_PIC = NO;
				GCC_NO_COMMON_BLOCKS = YES;
				GCC_OPTIMIZATION_LEVEL = 0;
				GCC_PREPROCESSOR_DEFINITIONS = (
					"DEBUG=1",
					"$(inherited)",
				);
				GCC_WARN_64_TO_32_BIT_CONVERSION = YES;
				GCC_WARN_ABOUT_RETURN_TYPE = YES_ERROR;
				GCC_WARN_UNDECLARED_SELECTOR = YES;
				GCC_WARN_UNINITIALIZED_AUTOS = YES_AGGRESSIVE;
				GCC_WARN_UNUSED_FUNCTION = YES;
				GCC_WARN_UNUSED_VARIABLE = YES;
				IPHONEOS_DEPLOYMENT_TARGET = 17.0;
				LOCALIZATION_PREFERS_STRING_CATALOGS = YES;
				MTL_ENABLE_DEBUG_INFO = INCLUDE_SOURCE;
				MTL_FAST_MATH = YES;
				ONLY_ACTIVE_ARCH = YES;
				SDKROOT = iphoneos;
				SWIFT_ACTIVE_COMPILATION_CONDITIONS = "DEBUG $(inherited)";
				SWIFT_OPTIMIZATION_LEVEL = "-Onone";
			};
			name = Debug;
		};
		F48855E82AF3785C00B30911 /* Release */ = {
			isa = XCBuildConfiguration;
			buildSettings = {
				ALWAYS_SEARCH_USER_PATHS = NO;
				ASSETCATALOG_COMPILER_GENERATE_SWIFT_ASSET_SYMBOL_EXTENSIONS = YES;
				CLANG_ANALYZER_NONNULL = YES;
				CLANG_ANALYZER_NUMBER_OBJECT_CONVERSION = YES_AGGRESSIVE;
				CLANG_CXX_LANGUAGE_STANDARD = "gnu++20";
				CLANG_ENABLE_MODULES = YES;
				CLANG_ENABLE_OBJC_ARC = YES;
				CLANG_ENABLE_OBJC_WEAK = YES;
				CLANG_WARN_BLOCK_CAPTURE_AUTORELEASING = YES;
				CLANG_WARN_BOOL_CONVERSION = YES;
				CLANG_WARN_COMMA = YES;
				CLANG_WARN_CONSTANT_CONVERSION = YES;
				CLANG_WARN_DEPRECATED_OBJC_IMPLEMENTATIONS = YES;
				CLANG_WARN_DIRECT_OBJC_ISA_USAGE = YES_ERROR;
				CLANG_WARN_DOCUMENTATION_COMMENTS = YES;
				CLANG_WARN_EMPTY_BODY = YES;
				CLANG_WARN_ENUM_CONVERSION = YES;
				CLANG_WARN_INFINITE_RECURSION = YES;
				CLANG_WARN_INT_CONVERSION = YES;
				CLANG_WARN_NON_LITERAL_NULL_CONVERSION = YES;
				CLANG_WARN_OBJC_IMPLICIT_RETAIN_SELF = YES;
				CLANG_WARN_OBJC_LITERAL_CONVERSION = YES;
				CLANG_WARN_OBJC_ROOT_CLASS = YES_ERROR;
				CLANG_WARN_QUOTED_INCLUDE_IN_FRAMEWORK_HEADER = YES;
				CLANG_WARN_RANGE_LOOP_ANALYSIS = YES;
				CLANG_WARN_STRICT_PROTOTYPES = YES;
				CLANG_WARN_SUSPICIOUS_MOVE = YES;
				CLANG_WARN_UNGUARDED_AVAILABILITY = YES_AGGRESSIVE;
				CLANG_WARN_UNREACHABLE_CODE = YES;
				CLANG_WARN__DUPLICATE_METHOD_MATCH = YES;
				COPY_PHASE_STRIP = NO;
				DEBUG_INFORMATION_FORMAT = "dwarf-with-dsym";
				ENABLE_NS_ASSERTIONS = NO;
				ENABLE_STRICT_OBJC_MSGSEND = YES;
				ENABLE_USER_SCRIPT_SANDBOXING = YES;
				GCC_C_LANGUAGE_STANDARD = gnu17;
				GCC_NO_COMMON_BLOCKS = YES;
				GCC_WARN_64_TO_32_BIT_CONVERSION = YES;
				GCC_WARN_ABOUT_RETURN_TYPE = YES_ERROR;
				GCC_WARN_UNDECLARED_SELECTOR = YES;
				GCC_WARN_UNINITIALIZED_AUTOS = YES_AGGRESSIVE;
				GCC_WARN_UNUSED_FUNCTION = YES;
				GCC_WARN_UNUSED_VARIABLE = YES;
				IPHONEOS_DEPLOYMENT_TARGET = 17.0;
				LOCALIZATION_PREFERS_STRING_CATALOGS = YES;
				MTL_ENABLE_DEBUG_INFO = NO;
				MTL_FAST_MATH = YES;
				SDKROOT = iphoneos;
				SWIFT_COMPILATION_MODE = wholemodule;
				VALIDATE_PRODUCT = YES;
			};
			name = Release;
		};
		F48855EA2AF3785C00B30911 /* Debug */ = {
			isa = XCBuildConfiguration;
			buildSettings = {
				ASSETCATALOG_COMPILER_APPICON_NAME = AppIcon;
				ASSETCATALOG_COMPILER_GLOBAL_ACCENT_COLOR_NAME = AccentColor;
				CODE_SIGN_STYLE = Automatic;
				CURRENT_PROJECT_VERSION = 1;
				DEVELOPMENT_TEAM = 94FVSLY3WZ;
				GENERATE_INFOPLIST_FILE = YES;
				INFOPLIST_FILE = ToDoListWithRealmBD/Info.plist;
				INFOPLIST_KEY_UIApplicationSupportsIndirectInputEvents = YES;
				INFOPLIST_KEY_UILaunchStoryboardName = LaunchScreen;
				INFOPLIST_KEY_UIMainStoryboardFile = Main;
				INFOPLIST_KEY_UISupportedInterfaceOrientations_iPad = "UIInterfaceOrientationPortrait UIInterfaceOrientationPortraitUpsideDown UIInterfaceOrientationLandscapeLeft UIInterfaceOrientationLandscapeRight";
				INFOPLIST_KEY_UISupportedInterfaceOrientations_iPhone = "UIInterfaceOrientationPortrait UIInterfaceOrientationLandscapeLeft UIInterfaceOrientationLandscapeRight";
				LD_RUNPATH_SEARCH_PATHS = (
					"$(inherited)",
					"@executable_path/Frameworks",
				);
				MARKETING_VERSION = 1.0;
				PRODUCT_BUNDLE_IDENTIFIER = by.sanches.ToDoListWithRealmBD;
				PRODUCT_NAME = "$(TARGET_NAME)";
				SWIFT_EMIT_LOC_STRINGS = YES;
				SWIFT_VERSION = 5.0;
				TARGETED_DEVICE_FAMILY = "1,2";
			};
			name = Debug;
		};
		F48855EB2AF3785C00B30911 /* Release */ = {
			isa = XCBuildConfiguration;
			buildSettings = {
				ASSETCATALOG_COMPILER_APPICON_NAME = AppIcon;
				ASSETCATALOG_COMPILER_GLOBAL_ACCENT_COLOR_NAME = AccentColor;
				CODE_SIGN_STYLE = Automatic;
				CURRENT_PROJECT_VERSION = 1;
				DEVELOPMENT_TEAM = 94FVSLY3WZ;
				GENERATE_INFOPLIST_FILE = YES;
				INFOPLIST_FILE = ToDoListWithRealmBD/Info.plist;
				INFOPLIST_KEY_UIApplicationSupportsIndirectInputEvents = YES;
				INFOPLIST_KEY_UILaunchStoryboardName = LaunchScreen;
				INFOPLIST_KEY_UIMainStoryboardFile = Main;
				INFOPLIST_KEY_UISupportedInterfaceOrientations_iPad = "UIInterfaceOrientationPortrait UIInterfaceOrientationPortraitUpsideDown UIInterfaceOrientationLandscapeLeft UIInterfaceOrientationLandscapeRight";
				INFOPLIST_KEY_UISupportedInterfaceOrientations_iPhone = "UIInterfaceOrientationPortrait UIInterfaceOrientationLandscapeLeft UIInterfaceOrientationLandscapeRight";
				LD_RUNPATH_SEARCH_PATHS = (
					"$(inherited)",
					"@executable_path/Frameworks",
				);
				MARKETING_VERSION = 1.0;
				PRODUCT_BUNDLE_IDENTIFIER = by.sanches.ToDoListWithRealmBD;
				PRODUCT_NAME = "$(TARGET_NAME)";
				SWIFT_EMIT_LOC_STRINGS = YES;
				SWIFT_VERSION = 5.0;
				TARGETED_DEVICE_FAMILY = "1,2";
			};
			name = Release;
		};
/* End XCBuildConfiguration section */

/* Begin XCConfigurationList section */
		F48855D02AF3785A00B30911 /* Build configuration list for PBXProject "ToDoListWithRealmBD" */ = {
			isa = XCConfigurationList;
			buildConfigurations = (
				F48855E72AF3785C00B30911 /* Debug */,
				F48855E82AF3785C00B30911 /* Release */,
			);
			defaultConfigurationIsVisible = 0;
			defaultConfigurationName = Release;
		};
		F48855E92AF3785C00B30911 /* Build configuration list for PBXNativeTarget "ToDoListWithRealmBD" */ = {
			isa = XCConfigurationList;
			buildConfigurations = (
				F48855EA2AF3785C00B30911 /* Debug */,
				F48855EB2AF3785C00B30911 /* Release */,
			);
			defaultConfigurationIsVisible = 0;
			defaultConfigurationName = Release;
		};
/* End XCConfigurationList section */

/* Begin XCRemoteSwiftPackageReference section */
		F48855EC2AF37C1A00B30911 /* XCRemoteSwiftPackageReference "realm-swift" */ = {
			isa = XCRemoteSwiftPackageReference;
			repositoryURL = "https://github.com/realm/realm-swift";
			requirement = {
				kind = upToNextMajorVersion;
				minimumVersion = 10.44.0;
			};
		};
/* End XCRemoteSwiftPackageReference section */

/* Begin XCSwiftPackageProductDependency section */
		F42DFE5E2AF3CD8600A56F40 /* Realm */ = {
			isa = XCSwiftPackageProductDependency;
			package = F48855EC2AF37C1A00B30911 /* XCRemoteSwiftPackageReference "realm-swift" */;
			productName = Realm;
		};
		F42DFE602AF3CD8600A56F40 /* RealmSwift */ = {
			isa = XCSwiftPackageProductDependency;
			package = F48855EC2AF37C1A00B30911 /* XCRemoteSwiftPackageReference "realm-swift" */;
			productName = RealmSwift;
		};
		F48855ED2AF37C1A00B30911 /* Realm */ = {
			isa = XCSwiftPackageProductDependency;
			package = F48855EC2AF37C1A00B30911 /* XCRemoteSwiftPackageReference "realm-swift" */;
			productName = Realm;
		};
		F48855EF2AF37C1A00B30911 /* RealmSwift */ = {
			isa = XCSwiftPackageProductDependency;
			package = F48855EC2AF37C1A00B30911 /* XCRemoteSwiftPackageReference "realm-swift" */;
			productName = RealmSwift;
		};
/* End XCSwiftPackageProductDependency section */
	};
	rootObject = F48855CD2AF3785A00B30911 /* Project object */;
}
